{
  "object": {
    "pins": [
      {
        "package": "MyLibrary",
        "repositoryURL": "https://github.com/marcellochuahy/spm-library",
        "state": {
          "branch": "main",
          "revision": "f28d25b1e7cac0276787c2172d9654d6e364edb0",
          "version": null
        }
      },
      {
        "package": "Starscream",
        "repositoryURL": "https://github.com/daltoniam/Starscream.git",
        "state": {
          "branch": null,
          "revision": "a063fda2b8145a231953c20e7a646be254365396",
          "version": "3.1.2"
        }
      }
    ]
  },
  "version": 1
}
