{
  "object": {
    "pins": [
      {
        "package": "MyLibrary",
        "repositoryURL": "https://github.com/marcellochuahy/spm-library",
        "state": {
          "branch": "main",
          "revision": "16a14cf96b5b8d989432df496b1d5ece5c5543b8",
          "version": null
        }
      },
      {
        "package": "Starscream",
        "repositoryURL": "https://github.com/daltoniam/Starscream.git",
        "state": {
          "branch": null,
          "revision": "a063fda2b8145a231953c20e7a646be254365396",
          "version": "3.1.2"
        }
      }
    ]
  },
  "version": 1
}
